# This file is automatically @generated by Cargo.
# It is not intended for manual editing.
version = 4

[[package]]
name = "kdev"
version = "0.1.0"

[[package]]
name = "kid"
version = "0.1.0"

[[package]]
name = "kimgfmt"
version = "0.1.0"

[[package]]
name = "kloop"
version = "0.1.0"
dependencies = [
 "kdev",
 "kpix",
 "ktime",
]

[[package]]
name = "kmath"
version = "0.1.0"

[[package]]
name = "kpix"
version = "0.1.0"
dependencies = [
 "kdev",
 "kimgfmt",
]

[[package]]
name = "krand"
version = "0.1.0"

[[package]]
name = "kraster2d"
version = "0.1.0"
dependencies = [
 "kdev",
 "kimgfmt",
 "kmath",
 "kpix",
]

[[package]]
name = "ktime"
version = "0.1.0"
dependencies = [
 "kmath",
]
